# THIS IS AN AUTOGENERATED FILE. DO NOT EDIT THIS FILE DIRECTLY.
# yarn lockfile v1


pjs@*:
  version "5.1.1"
  resolved "https://registry.yarnpkg.com/pjs/-/pjs-5.1.1.tgz#9dfc4673bb01deffd6915fb1dec75827aba42abf"

thunk@^0.0.1:
  version "0.0.1"
  resolved "https://registry.yarnpkg.com/thunk/-/thunk-0.0.1.tgz#6575b00ba36ff4c6c5edf84f923212239a0a7c37"
  dependencies:
    pjs "*"
